
Microsoft Visual Studio Solution File, Format Version 12.00
# Visual Studio 15
VisualStudioVersion = 15.0.27703.2026
MinimumVisualStudioVersion = 10.0.40219.1
Project("{FAE04EC0-301F-11D3-BF4B-00C04F79EFBC}") = "DemoWebApp", "DemoWebApp\DemoWebApp.csproj", "{1164E26B-3C10-4809-9BBA-21BE8BF3694E}"
EndProject
Global
	GlobalSection(SolutionConfigurationPlatforms) = preSolution
		Debug|Any CPU = Debug|Any CPU
		Release|Any CPU = Release|Any CPU
	EndGlobalSection
	GlobalSection(ProjectConfigurationPlatforms) = postSolution
		{1164E26B-3C10-4809-9BBA-21BE8BF3694E}.Debug|Any CPU.ActiveCfg = Debug|Any CPU
		{1164E26B-3C10-4809-9BBA-21BE8BF3694E}.Debug|Any CPU.Build.0 = Debug|Any CPU
		{1164E26B-3C10-4809-9BBA-21BE8BF3694E}.Release|Any CPU.ActiveCfg = Release|Any CPU
		{1164E26B-3C10-4809-9BBA-21BE8BF3694E}.Release|Any CPU.Build.0 = Release|Any CPU
	EndGlobalSection
	GlobalSection(SolutionProperties) = preSolution
		HideSolutionNode = FALSE
	EndGlobalSection
	GlobalSection(ExtensibilityGlobals) = postSolution
		SolutionGuid = {5D49A9C3-72C7-4821-9F7D-4F036B63534B}
	EndGlobalSection
EndGlobal
